
Microsoft Visual Studio Solution File, Format Version 12.00
# Visual Studio Version 16
VisualStudioVersion = 16.0.31605.320
MinimumVisualStudioVersion = 10.0.40219.1
Project("{FAE04EC0-301F-11D3-BF4B-00C04F79EFBC}") = "OperDateTime2", "OperDateTime2\OperDateTime2.csproj", "{B23BB980-FAE2-48A5-859A-BA028ACAFCCE}"
EndProject
Global
	GlobalSection(SolutionConfigurationPlatforms) = preSolution
		Debug|Any CPU = Debug|Any CPU
		Release|Any CPU = Release|Any CPU
	EndGlobalSection
	GlobalSection(ProjectConfigurationPlatforms) = postSolution
		{B23BB980-FAE2-48A5-859A-BA028ACAFCCE}.Debug|Any CPU.ActiveCfg = Debug|Any CPU
		{B23BB980-FAE2-48A5-859A-BA028ACAFCCE}.Debug|Any CPU.Build.0 = Debug|Any CPU
		{B23BB980-FAE2-48A5-859A-BA028ACAFCCE}.Release|Any CPU.ActiveCfg = Release|Any CPU
		{B23BB980-FAE2-48A5-859A-BA028ACAFCCE}.Release|Any CPU.Build.0 = Release|Any CPU
	EndGlobalSection
	GlobalSection(SolutionProperties) = preSolution
		HideSolutionNode = FALSE
	EndGlobalSection
	GlobalSection(ExtensibilityGlobals) = postSolution
		SolutionGuid = {8346112E-A494-4687-995C-285BA9A28D97}
	EndGlobalSection
EndGlobal
