
Microsoft Visual Studio Solution File, Format Version 12.00
# Visual Studio Version 16
VisualStudioVersion = 16.0.31605.320
MinimumVisualStudioVersion = 10.0.40219.1
Project("{FAE04EC0-301F-11D3-BF4B-00C04F79EFBC}") = "Atalhos", "Atalhos\Atalhos.csproj", "{A850529E-6531-484E-A4FF-6D99C869C9BE}"
EndProject
Global
	GlobalSection(SolutionConfigurationPlatforms) = preSolution
		Debug|Any CPU = Debug|Any CPU
		Release|Any CPU = Release|Any CPU
	EndGlobalSection
	GlobalSection(ProjectConfigurationPlatforms) = postSolution
		{A850529E-6531-484E-A4FF-6D99C869C9BE}.Debug|Any CPU.ActiveCfg = Debug|Any CPU
		{A850529E-6531-484E-A4FF-6D99C869C9BE}.Debug|Any CPU.Build.0 = Debug|Any CPU
		{A850529E-6531-484E-A4FF-6D99C869C9BE}.Release|Any CPU.ActiveCfg = Release|Any CPU
		{A850529E-6531-484E-A4FF-6D99C869C9BE}.Release|Any CPU.Build.0 = Release|Any CPU
	EndGlobalSection
	GlobalSection(SolutionProperties) = preSolution
		HideSolutionNode = FALSE
	EndGlobalSection
	GlobalSection(ExtensibilityGlobals) = postSolution
		SolutionGuid = {206766CA-6BC4-4E64-85CB-791184C584E7}
	EndGlobalSection
EndGlobal
