
Microsoft Visual Studio Solution File, Format Version 12.00
# Visual Studio Version 16
VisualStudioVersion = 16.0.31605.320
MinimumVisualStudioVersion = 10.0.40219.1
Project("{FAE04EC0-301F-11D3-BF4B-00C04F79EFBC}") = "variaveis2", "variaveis2\variaveis2.csproj", "{FD8255C7-D792-4D4E-8283-C8F32F3122DB}"
EndProject
Global
	GlobalSection(SolutionConfigurationPlatforms) = preSolution
		Debug|Any CPU = Debug|Any CPU
		Release|Any CPU = Release|Any CPU
	EndGlobalSection
	GlobalSection(ProjectConfigurationPlatforms) = postSolution
		{FD8255C7-D792-4D4E-8283-C8F32F3122DB}.Debug|Any CPU.ActiveCfg = Debug|Any CPU
		{FD8255C7-D792-4D4E-8283-C8F32F3122DB}.Debug|Any CPU.Build.0 = Debug|Any CPU
		{FD8255C7-D792-4D4E-8283-C8F32F3122DB}.Release|Any CPU.ActiveCfg = Release|Any CPU
		{FD8255C7-D792-4D4E-8283-C8F32F3122DB}.Release|Any CPU.Build.0 = Release|Any CPU
	EndGlobalSection
	GlobalSection(SolutionProperties) = preSolution
		HideSolutionNode = FALSE
	EndGlobalSection
	GlobalSection(ExtensibilityGlobals) = postSolution
		SolutionGuid = {DE944D53-9D73-4459-8E91-DC58CD2FB8EE}
	EndGlobalSection
EndGlobal
