
Microsoft Visual Studio Solution File, Format Version 12.00
# Visual Studio Version 16
VisualStudioVersion = 16.0.31605.320
MinimumVisualStudioVersion = 10.0.40219.1
Project("{FAE04EC0-301F-11D3-BF4B-00C04F79EFBC}") = "Vetores2", "Vetores2\Vetores2.csproj", "{940975DF-0858-4FB9-BFB7-51DB88DF83C5}"
EndProject
Global
	GlobalSection(SolutionConfigurationPlatforms) = preSolution
		Debug|Any CPU = Debug|Any CPU
		Release|Any CPU = Release|Any CPU
	EndGlobalSection
	GlobalSection(ProjectConfigurationPlatforms) = postSolution
		{940975DF-0858-4FB9-BFB7-51DB88DF83C5}.Debug|Any CPU.ActiveCfg = Debug|Any CPU
		{940975DF-0858-4FB9-BFB7-51DB88DF83C5}.Debug|Any CPU.Build.0 = Debug|Any CPU
		{940975DF-0858-4FB9-BFB7-51DB88DF83C5}.Release|Any CPU.ActiveCfg = Release|Any CPU
		{940975DF-0858-4FB9-BFB7-51DB88DF83C5}.Release|Any CPU.Build.0 = Release|Any CPU
	EndGlobalSection
	GlobalSection(SolutionProperties) = preSolution
		HideSolutionNode = FALSE
	EndGlobalSection
	GlobalSection(ExtensibilityGlobals) = postSolution
		SolutionGuid = {DF298403-B026-44AA-92DD-1D3CAF2857C5}
	EndGlobalSection
EndGlobal
