
Microsoft Visual Studio Solution File, Format Version 12.00
# Visual Studio Version 16
VisualStudioVersion = 16.0.31605.320
MinimumVisualStudioVersion = 10.0.40219.1
Project("{FAE04EC0-301F-11D3-BF4B-00C04F79EFBC}") = "PerguntarMoeda", "PerguntarMoeda\PerguntarMoeda.csproj", "{AAB0F258-FF9B-439A-831C-1A3713DDD3E1}"
EndProject
Global
	GlobalSection(SolutionConfigurationPlatforms) = preSolution
		Debug|Any CPU = Debug|Any CPU
		Release|Any CPU = Release|Any CPU
	EndGlobalSection
	GlobalSection(ProjectConfigurationPlatforms) = postSolution
		{AAB0F258-FF9B-439A-831C-1A3713DDD3E1}.Debug|Any CPU.ActiveCfg = Debug|Any CPU
		{AAB0F258-FF9B-439A-831C-1A3713DDD3E1}.Debug|Any CPU.Build.0 = Debug|Any CPU
		{AAB0F258-FF9B-439A-831C-1A3713DDD3E1}.Release|Any CPU.ActiveCfg = Release|Any CPU
		{AAB0F258-FF9B-439A-831C-1A3713DDD3E1}.Release|Any CPU.Build.0 = Release|Any CPU
	EndGlobalSection
	GlobalSection(SolutionProperties) = preSolution
		HideSolutionNode = FALSE
	EndGlobalSection
	GlobalSection(ExtensibilityGlobals) = postSolution
		SolutionGuid = {C954295B-C85B-44C4-A527-50F9A6ADC1D7}
	EndGlobalSection
EndGlobal
