
Microsoft Visual Studio Solution File, Format Version 12.00
# Visual Studio Version 16
VisualStudioVersion = 16.0.31605.320
MinimumVisualStudioVersion = 10.0.40219.1
Project("{FAE04EC0-301F-11D3-BF4B-00C04F79EFBC}") = "ex1-obj", "ex1-obj\ex1-obj.csproj", "{C18B9718-1F2A-4832-94B5-7EC25283AB44}"
EndProject
Global
	GlobalSection(SolutionConfigurationPlatforms) = preSolution
		Debug|Any CPU = Debug|Any CPU
		Release|Any CPU = Release|Any CPU
	EndGlobalSection
	GlobalSection(ProjectConfigurationPlatforms) = postSolution
		{C18B9718-1F2A-4832-94B5-7EC25283AB44}.Debug|Any CPU.ActiveCfg = Debug|Any CPU
		{C18B9718-1F2A-4832-94B5-7EC25283AB44}.Debug|Any CPU.Build.0 = Debug|Any CPU
		{C18B9718-1F2A-4832-94B5-7EC25283AB44}.Release|Any CPU.ActiveCfg = Release|Any CPU
		{C18B9718-1F2A-4832-94B5-7EC25283AB44}.Release|Any CPU.Build.0 = Release|Any CPU
	EndGlobalSection
	GlobalSection(SolutionProperties) = preSolution
		HideSolutionNode = FALSE
	EndGlobalSection
	GlobalSection(ExtensibilityGlobals) = postSolution
		SolutionGuid = {B59EF840-ADF4-452A-9978-5FFEAAC1F079}
	EndGlobalSection
EndGlobal
