
Microsoft Visual Studio Solution File, Format Version 12.00
# Visual Studio Version 16
VisualStudioVersion = 16.0.31605.320
MinimumVisualStudioVersion = 10.0.40219.1
Project("{FAE04EC0-301F-11D3-BF4B-00C04F79EFBC}") = "GenericsEx", "GenericsEx\GenericsEx.csproj", "{CD9E91A2-1F4E-4A1B-A057-CC80D44A9305}"
EndProject
Global
	GlobalSection(SolutionConfigurationPlatforms) = preSolution
		Debug|Any CPU = Debug|Any CPU
		Release|Any CPU = Release|Any CPU
	EndGlobalSection
	GlobalSection(ProjectConfigurationPlatforms) = postSolution
		{CD9E91A2-1F4E-4A1B-A057-CC80D44A9305}.Debug|Any CPU.ActiveCfg = Debug|Any CPU
		{CD9E91A2-1F4E-4A1B-A057-CC80D44A9305}.Debug|Any CPU.Build.0 = Debug|Any CPU
		{CD9E91A2-1F4E-4A1B-A057-CC80D44A9305}.Release|Any CPU.ActiveCfg = Release|Any CPU
		{CD9E91A2-1F4E-4A1B-A057-CC80D44A9305}.Release|Any CPU.Build.0 = Release|Any CPU
	EndGlobalSection
	GlobalSection(SolutionProperties) = preSolution
		HideSolutionNode = FALSE
	EndGlobalSection
	GlobalSection(ExtensibilityGlobals) = postSolution
		SolutionGuid = {B41CC428-0A64-439E-BDD7-7B359C382C0E}
	EndGlobalSection
EndGlobal
