
Microsoft Visual Studio Solution File, Format Version 12.00
# Visual Studio Version 16
VisualStudioVersion = 16.0.31605.320
MinimumVisualStudioVersion = 10.0.40219.1
Project("{FAE04EC0-301F-11D3-BF4B-00C04F79EFBC}") = "ExceptionsProgram", "Exceptions\ExceptionsProgram.csproj", "{A657C0A0-DFB9-4F5D-B80C-752D4C8BFF26}"
EndProject
Global
	GlobalSection(SolutionConfigurationPlatforms) = preSolution
		Debug|Any CPU = Debug|Any CPU
		Release|Any CPU = Release|Any CPU
	EndGlobalSection
	GlobalSection(ProjectConfigurationPlatforms) = postSolution
		{A657C0A0-DFB9-4F5D-B80C-752D4C8BFF26}.Debug|Any CPU.ActiveCfg = Debug|Any CPU
		{A657C0A0-DFB9-4F5D-B80C-752D4C8BFF26}.Debug|Any CPU.Build.0 = Debug|Any CPU
		{A657C0A0-DFB9-4F5D-B80C-752D4C8BFF26}.Release|Any CPU.ActiveCfg = Release|Any CPU
		{A657C0A0-DFB9-4F5D-B80C-752D4C8BFF26}.Release|Any CPU.Build.0 = Release|Any CPU
	EndGlobalSection
	GlobalSection(SolutionProperties) = preSolution
		HideSolutionNode = FALSE
	EndGlobalSection
	GlobalSection(ExtensibilityGlobals) = postSolution
		SolutionGuid = {69A8CE30-FC09-4D2B-98F0-0F5EB83FFECD}
	EndGlobalSection
EndGlobal
