
Microsoft Visual Studio Solution File, Format Version 12.00
# Visual Studio Version 16
VisualStudioVersion = 16.0.31605.320
MinimumVisualStudioVersion = 10.0.40219.1
Project("{FAE04EC0-301F-11D3-BF4B-00C04F79EFBC}") = "Estudando-08-09-21", "Estudando-08-09-21\Estudando-08-09-21.csproj", "{1EAE00F7-F3E3-4141-B71E-8D59AC300387}"
EndProject
Global
	GlobalSection(SolutionConfigurationPlatforms) = preSolution
		Debug|Any CPU = Debug|Any CPU
		Release|Any CPU = Release|Any CPU
	EndGlobalSection
	GlobalSection(ProjectConfigurationPlatforms) = postSolution
		{1EAE00F7-F3E3-4141-B71E-8D59AC300387}.Debug|Any CPU.ActiveCfg = Debug|Any CPU
		{1EAE00F7-F3E3-4141-B71E-8D59AC300387}.Debug|Any CPU.Build.0 = Debug|Any CPU
		{1EAE00F7-F3E3-4141-B71E-8D59AC300387}.Release|Any CPU.ActiveCfg = Release|Any CPU
		{1EAE00F7-F3E3-4141-B71E-8D59AC300387}.Release|Any CPU.Build.0 = Release|Any CPU
	EndGlobalSection
	GlobalSection(SolutionProperties) = preSolution
		HideSolutionNode = FALSE
	EndGlobalSection
	GlobalSection(ExtensibilityGlobals) = postSolution
		SolutionGuid = {C633AD10-C63A-40FC-9ADB-FFE23BE5195D}
	EndGlobalSection
EndGlobal
