
Microsoft Visual Studio Solution File, Format Version 12.00
# Visual Studio Version 16
VisualStudioVersion = 16.0.31605.320
MinimumVisualStudioVersion = 10.0.40219.1
Project("{FAE04EC0-301F-11D3-BF4B-00C04F79EFBC}") = "AluguelQuartos-ex", "AluguelQuartos-ex\AluguelQuartos-ex.csproj", "{04A6E18F-EDFC-4717-95CA-0551A237D80F}"
EndProject
Global
	GlobalSection(SolutionConfigurationPlatforms) = preSolution
		Debug|Any CPU = Debug|Any CPU
		Release|Any CPU = Release|Any CPU
	EndGlobalSection
	GlobalSection(ProjectConfigurationPlatforms) = postSolution
		{04A6E18F-EDFC-4717-95CA-0551A237D80F}.Debug|Any CPU.ActiveCfg = Debug|Any CPU
		{04A6E18F-EDFC-4717-95CA-0551A237D80F}.Debug|Any CPU.Build.0 = Debug|Any CPU
		{04A6E18F-EDFC-4717-95CA-0551A237D80F}.Release|Any CPU.ActiveCfg = Release|Any CPU
		{04A6E18F-EDFC-4717-95CA-0551A237D80F}.Release|Any CPU.Build.0 = Release|Any CPU
	EndGlobalSection
	GlobalSection(SolutionProperties) = preSolution
		HideSolutionNode = FALSE
	EndGlobalSection
	GlobalSection(ExtensibilityGlobals) = postSolution
		SolutionGuid = {137594C7-BB70-4526-A490-5DA607DCE8A4}
	EndGlobalSection
EndGlobal
