
Microsoft Visual Studio Solution File, Format Version 12.00
# Visual Studio Version 16
VisualStudioVersion = 16.0.31605.320
MinimumVisualStudioVersion = 10.0.40219.1
Project("{FAE04EC0-301F-11D3-BF4B-00C04F79EFBC}") = "entradaDeDados", "entradaDeDados\entradaDeDados.csproj", "{24E71C15-1E10-446B-B068-11C01428027D}"
EndProject
Global
	GlobalSection(SolutionConfigurationPlatforms) = preSolution
		Debug|Any CPU = Debug|Any CPU
		Release|Any CPU = Release|Any CPU
	EndGlobalSection
	GlobalSection(ProjectConfigurationPlatforms) = postSolution
		{24E71C15-1E10-446B-B068-11C01428027D}.Debug|Any CPU.ActiveCfg = Debug|Any CPU
		{24E71C15-1E10-446B-B068-11C01428027D}.Debug|Any CPU.Build.0 = Debug|Any CPU
		{24E71C15-1E10-446B-B068-11C01428027D}.Release|Any CPU.ActiveCfg = Release|Any CPU
		{24E71C15-1E10-446B-B068-11C01428027D}.Release|Any CPU.Build.0 = Release|Any CPU
	EndGlobalSection
	GlobalSection(SolutionProperties) = preSolution
		HideSolutionNode = FALSE
	EndGlobalSection
	GlobalSection(ExtensibilityGlobals) = postSolution
		SolutionGuid = {8956E52A-6979-4F72-820A-C7932F89201D}
	EndGlobalSection
EndGlobal
