
Microsoft Visual Studio Solution File, Format Version 12.00
# Visual Studio Version 16
VisualStudioVersion = 16.0.31605.320
MinimumVisualStudioVersion = 10.0.40219.1
Project("{FAE04EC0-301F-11D3-BF4B-00C04F79EFBC}") = "numeroMaiorFunction", "numeroMaiorFunction\numeroMaiorFunction.csproj", "{8F812250-CE5F-4C16-956B-992531B7F638}"
EndProject
Global
	GlobalSection(SolutionConfigurationPlatforms) = preSolution
		Debug|Any CPU = Debug|Any CPU
		Release|Any CPU = Release|Any CPU
	EndGlobalSection
	GlobalSection(ProjectConfigurationPlatforms) = postSolution
		{8F812250-CE5F-4C16-956B-992531B7F638}.Debug|Any CPU.ActiveCfg = Debug|Any CPU
		{8F812250-CE5F-4C16-956B-992531B7F638}.Debug|Any CPU.Build.0 = Debug|Any CPU
		{8F812250-CE5F-4C16-956B-992531B7F638}.Release|Any CPU.ActiveCfg = Release|Any CPU
		{8F812250-CE5F-4C16-956B-992531B7F638}.Release|Any CPU.Build.0 = Release|Any CPU
	EndGlobalSection
	GlobalSection(SolutionProperties) = preSolution
		HideSolutionNode = FALSE
	EndGlobalSection
	GlobalSection(ExtensibilityGlobals) = postSolution
		SolutionGuid = {C6949C37-CEFF-43DD-AAB3-6019D1689D21}
	EndGlobalSection
EndGlobal
